
Microsoft Visual Studio Solution File, Format Version 12.00
# Visual Studio Version 17
VisualStudioVersion = 17.9.34723.18
MinimumVisualStudioVersion = 10.0.40219.1
Project("{FAE04EC0-301F-11D3-BF4B-00C04F79EFBC}") = "LaboratorySystem", "LaboratorySystem\LaboratorySystem.csproj", "{D682FF52-2606-4952-9C1F-07C537943CBF}"
EndProject
Project("{2150E333-8FDC-42A3-9474-1A3956D46DE8}") = "Images", "Images", "{416F5BE5-5337-43B6-BEC6-C16FB1CFCD4A}"
	ProjectSection(SolutionItems) = preProject
		LaboratorySystem\LaboratorySystem.ico = LaboratorySystem\LaboratorySystem.ico
	EndProjectSection
EndProject
Project("{FAE04EC0-301F-11D3-BF4B-00C04F79EFBC}") = "Mail_LIB", "Mail_LIB\Mail_LIB\Mail_LIB.csproj", "{596AD9E5-4001-4B3E-BAB9-E1E4B3DE3ADF}"
EndProject
Global
	GlobalSection(SolutionConfigurationPlatforms) = preSolution
		Debug|Any CPU = Debug|Any CPU
		Release|Any CPU = Release|Any CPU
	EndGlobalSection
	GlobalSection(ProjectConfigurationPlatforms) = postSolution
		{D682FF52-2606-4952-9C1F-07C537943CBF}.Debug|Any CPU.ActiveCfg = Debug|Any CPU
		{D682FF52-2606-4952-9C1F-07C537943CBF}.Debug|Any CPU.Build.0 = Debug|Any CPU
		{D682FF52-2606-4952-9C1F-07C537943CBF}.Release|Any CPU.ActiveCfg = Release|Any CPU
		{D682FF52-2606-4952-9C1F-07C537943CBF}.Release|Any CPU.Build.0 = Release|Any CPU
		{596AD9E5-4001-4B3E-BAB9-E1E4B3DE3ADF}.Debug|Any CPU.ActiveCfg = Debug|Any CPU
		{596AD9E5-4001-4B3E-BAB9-E1E4B3DE3ADF}.Debug|Any CPU.Build.0 = Debug|Any CPU
		{596AD9E5-4001-4B3E-BAB9-E1E4B3DE3ADF}.Release|Any CPU.ActiveCfg = Release|Any CPU
		{596AD9E5-4001-4B3E-BAB9-E1E4B3DE3ADF}.Release|Any CPU.Build.0 = Release|Any CPU
	EndGlobalSection
	GlobalSection(SolutionProperties) = preSolution
		HideSolutionNode = FALSE
	EndGlobalSection
	GlobalSection(ExtensibilityGlobals) = postSolution
		SolutionGuid = {972FBFB1-AA7B-498D-A636-F3DFE3FAB701}
	EndGlobalSection
EndGlobal
